lockfileVersion: '9.0'

settings:
  autoInstallPeers: true
  excludeLinksFromLockfile: false

importers:

  .:
    dependencies:
      '@cdktf/provider-aws':
        specifier: ^19.23.0
        version: 19.23.0(cdktf@0.20.7(constructs@10.3.0))(constructs@10.3.0)
      serverless-http:
        specifier: ^3.2.0
        version: 3.2.0
    devDependencies:
      '@bronifty/fs-utils':
        specifier: ^0.0.10
        version: 0.0.10

packages:

  '@bronifty/fs-utils@0.0.10':
    resolution: {integrity: sha512-PFGTzaOisLuDZGULAn/0Av+P/SAENzEe0qmaVhdXfHz8dhhA6of4QywqMJFTESTcoAzp/irP6nNl0HLI3ttRYA==}

  '@cdktf/provider-aws@19.23.0':
    resolution: {integrity: sha512-BWM07KQuIwQhPreRVxN43s24Fn7jdkHV5nmNLwx/RpZjT/iTcbNIAW9uFFyfkAgL82wAjqZSDlbXREf0nM3asQ==}
    engines: {node: '>= 18.12.0'}
    peerDependencies:
      cdktf: ^0.20.0
      constructs: ^10.3.0

  cdktf@0.20.7:
    resolution: {integrity: sha512-7za8QQYM1G0/6JUCYY+5smwNfNfbiZVPCMD7SeX2rTYmOLaGEkHZtMvuUTEKSqsE56fKudnfVd2J2edz2CETFg==}
    peerDependencies:
      constructs: ^10.0.25
    bundledDependencies:
      - archiver
      - json-stable-stringify
      - semver

  constructs@10.3.0:
    resolution: {integrity: sha512-vbK8i3rIb/xwZxSpTjz3SagHn1qq9BChLEfy5Hf6fB3/2eFbrwt2n9kHwQcS0CPTRBesreeAcsJfMq2229FnbQ==}
    engines: {node: '>= 16.14.0'}

  serverless-http@3.2.0:
    resolution: {integrity: sha512-QvSyZXljRLIGqwcJ4xsKJXwkZnAVkse1OajepxfjkBXV0BMvRS5R546Z4kCBI8IygDzkQY0foNPC/rnipaE9pQ==}
    engines: {node: '>=12.0'}

snapshots:

  '@bronifty/fs-utils@0.0.10': {}

  '@cdktf/provider-aws@19.23.0(cdktf@0.20.7(constructs@10.3.0))(constructs@10.3.0)':
    dependencies:
      cdktf: 0.20.7(constructs@10.3.0)
      constructs: 10.3.0

  cdktf@0.20.7(constructs@10.3.0):
    dependencies:
      constructs: 10.3.0

  constructs@10.3.0: {}

  serverless-http@3.2.0: {}
